
Microsoft Visual Studio Solution File, Format Version 12.00
# Visual Studio Version 16
VisualStudioVersion = 16.0.30320.27
MinimumVisualStudioVersion = 10.0.40219.1
Project("{9A19103F-16F7-4668-BE54-9A1E7A4F7556}") = "DncZeus.Api", "DncZeus.Api\DncZeus.Api.csproj", "{33B1926D-E1BF-4B94-BC27-4CCD24CB3642}"
EndProject
Project("{9A19103F-16F7-4668-BE54-9A1E7A4F7556}") = "EasySlideVerification", "EasySlideVerification\EasySlideVerification.csproj", "{D8C6E82E-7D27-4F75-9654-25C2CAF2C274}"
EndProject
Global
	GlobalSection(SolutionConfigurationPlatforms) = preSolution
		Debug|Any CPU = Debug|Any CPU
		Release|Any CPU = Release|Any CPU
	EndGlobalSection
	GlobalSection(ProjectConfigurationPlatforms) = postSolution
		{33B1926D-E1BF-4B94-BC27-4CCD24CB3642}.Debug|Any CPU.ActiveCfg = Debug|Any CPU
		{33B1926D-E1BF-4B94-BC27-4CCD24CB3642}.Debug|Any CPU.Build.0 = Debug|Any CPU
		{33B1926D-E1BF-4B94-BC27-4CCD24CB3642}.Release|Any CPU.ActiveCfg = Release|Any CPU
		{33B1926D-E1BF-4B94-BC27-4CCD24CB3642}.Release|Any CPU.Build.0 = Release|Any CPU
		{D8C6E82E-7D27-4F75-9654-25C2CAF2C274}.Debug|Any CPU.ActiveCfg = Debug|Any CPU
		{D8C6E82E-7D27-4F75-9654-25C2CAF2C274}.Debug|Any CPU.Build.0 = Debug|Any CPU
		{D8C6E82E-7D27-4F75-9654-25C2CAF2C274}.Release|Any CPU.ActiveCfg = Release|Any CPU
		{D8C6E82E-7D27-4F75-9654-25C2CAF2C274}.Release|Any CPU.Build.0 = Release|Any CPU
	EndGlobalSection
	GlobalSection(SolutionProperties) = preSolution
		HideSolutionNode = FALSE
	EndGlobalSection
	GlobalSection(ExtensibilityGlobals) = postSolution
		SolutionGuid = {2D32BF04-CF2E-444D-B690-EE983D9D0BC5}
	EndGlobalSection
EndGlobal
